
Microsoft Visual Studio Solution File, Format Version 12.00
# Visual Studio Version 17
VisualStudioVersion = 17.4.33205.214
MinimumVisualStudioVersion = 10.0.40219.1
Project("{9A19103F-16F7-4668-BE54-9A1E7A4F7556}") = "Candlestick_Patterns", "Candlestick_Patterns\Candlestick_Patterns.csproj", "{A3CBCF5C-54CC-4097-8C43-40EBFFE11A6E}"
EndProject
Project("{9A19103F-16F7-4668-BE54-9A1E7A4F7556}") = "GraphMaker", "GraphMaker\GraphMaker.csproj", "{0CBA820C-A279-41AC-AC45-EB1BDB5ACF1D}"
EndProject
Project("{9A19103F-16F7-4668-BE54-9A1E7A4F7556}") = "Examples_Fibonacci", "Examples_Fibonacci\Examples_Fibonacci.csproj", "{910B442D-EFA1-4F22-85FA-A3C49EDC4932}"
EndProject
Project("{9A19103F-16F7-4668-BE54-9A1E7A4F7556}") = "Examples_Formations", "Examples_Formations\Examples_Formations.csproj", "{1B13CC23-FA47-4863-AA4E-FE177E024954}"
EndProject
Project("{9A19103F-16F7-4668-BE54-9A1E7A4F7556}") = "Examples_Patterns", "Examples_Patterns\Examples_Patterns.csproj", "{23135CD8-163D-4C86-8017-1036D76F5C0D}"
EndProject
Project("{9A19103F-16F7-4668-BE54-9A1E7A4F7556}") = "GraphCreator", "GraphCreator\GraphCreator.csproj", "{D100D9CC-005D-4220-AEA2-63D008FA8A28}"
EndProject
Project("{FAE04EC0-301F-11D3-BF4B-00C04F79EFBC}") = "WPFGraphMaker", "WPFGraphMaker\WPFGraphMaker.csproj", "{98BBF6A3-A2CF-4A72-8D59-7C3D12F2F5EE}"
EndProject
Global
	GlobalSection(SolutionConfigurationPlatforms) = preSolution
		Debug|Any CPU = Debug|Any CPU
		Release|Any CPU = Release|Any CPU
	EndGlobalSection
	GlobalSection(ProjectConfigurationPlatforms) = postSolution
		{A3CBCF5C-54CC-4097-8C43-40EBFFE11A6E}.Debug|Any CPU.ActiveCfg = Debug|Any CPU
		{A3CBCF5C-54CC-4097-8C43-40EBFFE11A6E}.Debug|Any CPU.Build.0 = Debug|Any CPU
		{A3CBCF5C-54CC-4097-8C43-40EBFFE11A6E}.Release|Any CPU.ActiveCfg = Release|Any CPU
		{A3CBCF5C-54CC-4097-8C43-40EBFFE11A6E}.Release|Any CPU.Build.0 = Release|Any CPU
		{0CBA820C-A279-41AC-AC45-EB1BDB5ACF1D}.Debug|Any CPU.ActiveCfg = Debug|Any CPU
		{0CBA820C-A279-41AC-AC45-EB1BDB5ACF1D}.Debug|Any CPU.Build.0 = Debug|Any CPU
		{0CBA820C-A279-41AC-AC45-EB1BDB5ACF1D}.Release|Any CPU.ActiveCfg = Release|Any CPU
		{0CBA820C-A279-41AC-AC45-EB1BDB5ACF1D}.Release|Any CPU.Build.0 = Release|Any CPU
		{910B442D-EFA1-4F22-85FA-A3C49EDC4932}.Debug|Any CPU.ActiveCfg = Debug|Any CPU
		{910B442D-EFA1-4F22-85FA-A3C49EDC4932}.Debug|Any CPU.Build.0 = Debug|Any CPU
		{910B442D-EFA1-4F22-85FA-A3C49EDC4932}.Release|Any CPU.ActiveCfg = Release|Any CPU
		{910B442D-EFA1-4F22-85FA-A3C49EDC4932}.Release|Any CPU.Build.0 = Release|Any CPU
		{1B13CC23-FA47-4863-AA4E-FE177E024954}.Debug|Any CPU.ActiveCfg = Debug|Any CPU
		{1B13CC23-FA47-4863-AA4E-FE177E024954}.Debug|Any CPU.Build.0 = Debug|Any CPU
		{1B13CC23-FA47-4863-AA4E-FE177E024954}.Release|Any CPU.ActiveCfg = Release|Any CPU
		{1B13CC23-FA47-4863-AA4E-FE177E024954}.Release|Any CPU.Build.0 = Release|Any CPU
		{23135CD8-163D-4C86-8017-1036D76F5C0D}.Debug|Any CPU.ActiveCfg = Debug|Any CPU
		{23135CD8-163D-4C86-8017-1036D76F5C0D}.Debug|Any CPU.Build.0 = Debug|Any CPU
		{23135CD8-163D-4C86-8017-1036D76F5C0D}.Release|Any CPU.ActiveCfg = Release|Any CPU
		{23135CD8-163D-4C86-8017-1036D76F5C0D}.Release|Any CPU.Build.0 = Release|Any CPU
		{D100D9CC-005D-4220-AEA2-63D008FA8A28}.Debug|Any CPU.ActiveCfg = Debug|Any CPU
		{D100D9CC-005D-4220-AEA2-63D008FA8A28}.Debug|Any CPU.Build.0 = Debug|Any CPU
		{D100D9CC-005D-4220-AEA2-63D008FA8A28}.Release|Any CPU.ActiveCfg = Release|Any CPU
		{D100D9CC-005D-4220-AEA2-63D008FA8A28}.Release|Any CPU.Build.0 = Release|Any CPU
		{98BBF6A3-A2CF-4A72-8D59-7C3D12F2F5EE}.Debug|Any CPU.ActiveCfg = Debug|Any CPU
		{98BBF6A3-A2CF-4A72-8D59-7C3D12F2F5EE}.Debug|Any CPU.Build.0 = Debug|Any CPU
		{98BBF6A3-A2CF-4A72-8D59-7C3D12F2F5EE}.Release|Any CPU.ActiveCfg = Release|Any CPU
		{98BBF6A3-A2CF-4A72-8D59-7C3D12F2F5EE}.Release|Any CPU.Build.0 = Release|Any CPU
	EndGlobalSection
	GlobalSection(SolutionProperties) = preSolution
		HideSolutionNode = FALSE
	EndGlobalSection
	GlobalSection(ExtensibilityGlobals) = postSolution
		SolutionGuid = {5D5DA8D0-59B9-40A0-90CA-75AFB16AC7BD}
	EndGlobalSection
EndGlobal
