
Microsoft Visual Studio Solution File, Format Version 12.00
# Visual Studio Version 17
VisualStudioVersion = 17.4.33205.214
MinimumVisualStudioVersion = 10.0.40219.1
Project("{9A19103F-16F7-4668-BE54-9A1E7A4F7556}") = "Financial_Candlestick_Patterns", "Financial_Candlestick_Patterns\Financial_Candlestick_Patterns.csproj", "{9412807D-2D6D-41D6-BE0B-BE3015AF7D75}"
EndProject
Project("{9A19103F-16F7-4668-BE54-9A1E7A4F7556}") = "Candlestick_Patterns", "Candlestick_Patterns\Candlestick_Patterns.csproj", "{A3CBCF5C-54CC-4097-8C43-40EBFFE11A6E}"
EndProject
Global
	GlobalSection(SolutionConfigurationPlatforms) = preSolution
		Debug|Any CPU = Debug|Any CPU
		Release|Any CPU = Release|Any CPU
	EndGlobalSection
	GlobalSection(ProjectConfigurationPlatforms) = postSolution
		{9412807D-2D6D-41D6-BE0B-BE3015AF7D75}.Debug|Any CPU.ActiveCfg = Debug|Any CPU
		{9412807D-2D6D-41D6-BE0B-BE3015AF7D75}.Debug|Any CPU.Build.0 = Debug|Any CPU
		{9412807D-2D6D-41D6-BE0B-BE3015AF7D75}.Release|Any CPU.ActiveCfg = Release|Any CPU
		{9412807D-2D6D-41D6-BE0B-BE3015AF7D75}.Release|Any CPU.Build.0 = Release|Any CPU
		{A3CBCF5C-54CC-4097-8C43-40EBFFE11A6E}.Debug|Any CPU.ActiveCfg = Debug|Any CPU
		{A3CBCF5C-54CC-4097-8C43-40EBFFE11A6E}.Debug|Any CPU.Build.0 = Debug|Any CPU
		{A3CBCF5C-54CC-4097-8C43-40EBFFE11A6E}.Release|Any CPU.ActiveCfg = Release|Any CPU
		{A3CBCF5C-54CC-4097-8C43-40EBFFE11A6E}.Release|Any CPU.Build.0 = Release|Any CPU
	EndGlobalSection
	GlobalSection(SolutionProperties) = preSolution
		HideSolutionNode = FALSE
	EndGlobalSection
	GlobalSection(ExtensibilityGlobals) = postSolution
		SolutionGuid = {5D5DA8D0-59B9-40A0-90CA-75AFB16AC7BD}
	EndGlobalSection
EndGlobal
